<Solution>
  <Folder Name="/src/">
    <Project Path="src/Api/Api.csproj" />
    <Project Path="src/Application/Application.csproj" />
    <Project Path="src/Data/Data.csproj" />
    <Project Path="src/Domain/Domain.csproj" />
  </Folder>
  <Folder Name="/tests/">
    <File Path="tests/Directory.Build.props" />
  </Folder>
  <Folder Name="/tests/IntegrationTests/">
    <Project Path="tests/IntegrationTests/Api.IntegrationTests/Api.IntegrationTests.csproj" />
  </Folder>
  <Folder Name="/tests/UnitTests/">
    <File Path="tests/UnitTests/Directory.Build.props" />
    <Project Path="tests/UnitTests/Api.UnitTests/Api.UnitTests.csproj" />
    <Project Path="tests/UnitTests/Application.UnitTests/Application.UnitTests.csproj" />
    <Project Path="tests/UnitTests/Data.UnitTests/Data.UnitTests.csproj" />
    <Project Path="tests/UnitTests/Domain.UnitTests/Domain.UnitTests.csproj" />
    <Project Path="tests/UnitTests/UnitTestCommon/UnitTestCommon.csproj" />
  </Folder>
  <Folder Name="/Solution Items/">
    <File Path="Directory.Packages.props" />
  </Folder>
</Solution>